
Microsoft Visual Studio Solution File, Format Version 12.00
# Visual Studio Version 17
VisualStudioVersion = 17.14.36414.22
MinimumVisualStudioVersion = 10.0.40219.1
Project("{FAE04EC0-301F-11D3-BF4B-00C04F79EFBC}") = "GameController.Server", "GameServerController.Server\GameController.Server.csproj", "{69E7431C-5884-0F5F-E2D8-35D1EB584E1A}"
EndProject
Project("{FAE04EC0-301F-11D3-BF4B-00C04F79EFBC}") = "GameController.UI", "GameController.UI\GameController.UI.csproj", "{02A76E7B-2A41-5261-DBDA-DAAC46054A3F}"
EndProject
Project("{FAE04EC0-301F-11D3-BF4B-00C04F79EFBC}") = "GameController.Shared", "GameController.Shared\GameController.Shared.csproj", "{CD3967DA-3564-1B5C-9329-F915175AAD41}"
EndProject
Project("{FAE04EC0-301F-11D3-BF4B-00C04F79EFBC}") = "GameServerController.Server.Tests", "GameServerController.Server.Tests\GameServerController.Server.Tests.csproj", "{21E2D533-4D58-48B5-81ED-C20E4AE15E9D}"
EndProject
Project("{FAE04EC0-301F-11D3-BF4B-00C04F79EFBC}") = "GameController.YouTubeService", "GameController.YouTubeService\GameController.YouTubeService.csproj", "{37FC054A-4078-43D8-B009-296AD322589D}"
EndProject
Project("{2150E333-8FDC-42A3-9474-1A3956D46DE8}") = "Solution Items", "Solution Items", "{8EC462FD-D22E-90A8-E5CE-7E832BA40C5D}"
	ProjectSection(SolutionItems) = preProject
		.gitignore = .gitignore
	EndProjectSection
EndProject
Project("{FAE04EC0-301F-11D3-BF4B-00C04F79EFBC}") = "GameController.WpfUI", "GameController.WpfUI\GameController.WpfUI.csproj", "{5E0CB64A-B7ED-4EAB-ABD3-116ECDB74C0A}"
EndProject
Project("{FAE04EC0-301F-11D3-BF4B-00C04F79EFBC}") = "GameController.FBService", "GameController.FBService\GameController.FBService.csproj", "{D8A02F38-5273-4B6A-B093-C85C75B6C375}"
EndProject
Project("{FAE04EC0-301F-11D3-BF4B-00C04F79EFBC}") = "GameController.FaceBookService", "GameController.FaceBookService\GameController.FaceBookService.csproj", "{9A507029-DCC3-45F0-913F-1908F4173174}"
EndProject
Global
	GlobalSection(SolutionConfigurationPlatforms) = preSolution
		Debug|Any CPU = Debug|Any CPU
		Release|Any CPU = Release|Any CPU
	EndGlobalSection
	GlobalSection(ProjectConfigurationPlatforms) = postSolution
		{69E7431C-5884-0F5F-E2D8-35D1EB584E1A}.Debug|Any CPU.ActiveCfg = Debug|Any CPU
		{69E7431C-5884-0F5F-E2D8-35D1EB584E1A}.Debug|Any CPU.Build.0 = Debug|Any CPU
		{69E7431C-5884-0F5F-E2D8-35D1EB584E1A}.Release|Any CPU.ActiveCfg = Release|Any CPU
		{69E7431C-5884-0F5F-E2D8-35D1EB584E1A}.Release|Any CPU.Build.0 = Release|Any CPU
		{02A76E7B-2A41-5261-DBDA-DAAC46054A3F}.Debug|Any CPU.ActiveCfg = Debug|Any CPU
		{02A76E7B-2A41-5261-DBDA-DAAC46054A3F}.Debug|Any CPU.Build.0 = Debug|Any CPU
		{02A76E7B-2A41-5261-DBDA-DAAC46054A3F}.Release|Any CPU.ActiveCfg = Release|Any CPU
		{02A76E7B-2A41-5261-DBDA-DAAC46054A3F}.Release|Any CPU.Build.0 = Release|Any CPU
		{CD3967DA-3564-1B5C-9329-F915175AAD41}.Debug|Any CPU.ActiveCfg = Debug|Any CPU
		{CD3967DA-3564-1B5C-9329-F915175AAD41}.Debug|Any CPU.Build.0 = Debug|Any CPU
		{CD3967DA-3564-1B5C-9329-F915175AAD41}.Release|Any CPU.ActiveCfg = Release|Any CPU
		{CD3967DA-3564-1B5C-9329-F915175AAD41}.Release|Any CPU.Build.0 = Release|Any CPU
		{21E2D533-4D58-48B5-81ED-C20E4AE15E9D}.Debug|Any CPU.ActiveCfg = Debug|Any CPU
		{21E2D533-4D58-48B5-81ED-C20E4AE15E9D}.Debug|Any CPU.Build.0 = Debug|Any CPU
		{21E2D533-4D58-48B5-81ED-C20E4AE15E9D}.Release|Any CPU.ActiveCfg = Release|Any CPU
		{21E2D533-4D58-48B5-81ED-C20E4AE15E9D}.Release|Any CPU.Build.0 = Release|Any CPU
		{37FC054A-4078-43D8-B009-296AD322589D}.Debug|Any CPU.ActiveCfg = Debug|Any CPU
		{37FC054A-4078-43D8-B009-296AD322589D}.Debug|Any CPU.Build.0 = Debug|Any CPU
		{37FC054A-4078-43D8-B009-296AD322589D}.Release|Any CPU.ActiveCfg = Release|Any CPU
		{37FC054A-4078-43D8-B009-296AD322589D}.Release|Any CPU.Build.0 = Release|Any CPU
		{5E0CB64A-B7ED-4EAB-ABD3-116ECDB74C0A}.Debug|Any CPU.ActiveCfg = Debug|Any CPU
		{5E0CB64A-B7ED-4EAB-ABD3-116ECDB74C0A}.Debug|Any CPU.Build.0 = Debug|Any CPU
		{5E0CB64A-B7ED-4EAB-ABD3-116ECDB74C0A}.Release|Any CPU.ActiveCfg = Release|Any CPU
		{5E0CB64A-B7ED-4EAB-ABD3-116ECDB74C0A}.Release|Any CPU.Build.0 = Release|Any CPU
		{D8A02F38-5273-4B6A-B093-C85C75B6C375}.Debug|Any CPU.ActiveCfg = Debug|Any CPU
		{D8A02F38-5273-4B6A-B093-C85C75B6C375}.Debug|Any CPU.Build.0 = Debug|Any CPU
		{D8A02F38-5273-4B6A-B093-C85C75B6C375}.Release|Any CPU.ActiveCfg = Release|Any CPU
		{D8A02F38-5273-4B6A-B093-C85C75B6C375}.Release|Any CPU.Build.0 = Release|Any CPU
		{9A507029-DCC3-45F0-913F-1908F4173174}.Debug|Any CPU.ActiveCfg = Debug|Any CPU
		{9A507029-DCC3-45F0-913F-1908F4173174}.Debug|Any CPU.Build.0 = Debug|Any CPU
		{9A507029-DCC3-45F0-913F-1908F4173174}.Release|Any CPU.ActiveCfg = Release|Any CPU
		{9A507029-DCC3-45F0-913F-1908F4173174}.Release|Any CPU.Build.0 = Release|Any CPU
	EndGlobalSection
	GlobalSection(SolutionProperties) = preSolution
		HideSolutionNode = FALSE
	EndGlobalSection
	GlobalSection(ExtensibilityGlobals) = postSolution
		SolutionGuid = {C3DEF30E-CEF6-4AE3-9917-A127E654EB90}
	EndGlobalSection
EndGlobal
